{
  "version": 4,
  "terraform_version": "1.1.3",
  "serial": 35,
  "lineage": "66b9103c-cafb-8d9a-1b05-1c76aa17db30",
  "outputs": {},
  "resources": [
    {
      "mode": "managed",
      "type": "aws_iam_role",
      "name": "role",
      "provider": "provider[\"registry.terraform.io/hashicorp/aws\"]",
      "instances": [
        {
          "schema_version": 0,
          "attributes": {
            "arn": "arn:aws:iam::738087856818:role/EKS-Role1",
            "assume_role_policy": "{\"Version\":\"2012-10-17\",\"Statement\":[{\"Effect\":\"Allow\",\"Principal\":{\"AWS\":\"arn:aws:iam::293955714039:root\"},\"Action\":\"sts:AssumeRole\",\"Condition\":{}}]}",
            "create_date": "2022-02-22T12:27:09Z",
            "description": "",
            "force_detach_policies": false,
            "id": "EKS-Role1",
            "inline_policy": [
              {
                "name": "EKS-Policy1",
                "policy": "{\"Statement\":[{\"Action\":[\"s3:PutObject\",\"s3:CreateBucket\",\"s3:ListBucket\",\"s3:DeleteObject\",\"s3:DeleteBucket\"],\"Effect\":\"Allow\",\"Resource\":\"*\",\"Sid\":\"VisualEditor0\"}],\"Version\":\"2012-10-17\"}"
              }
            ],
            "managed_policy_arns": [],
            "max_session_duration": 3600,
            "name": "EKS-Role1",
            "name_prefix": "",
            "path": "/",
            "permissions_boundary": null,
            "tags": {},
            "tags_all": {},
            "unique_id": "AROA2XWLW5KZC6QTNKXRX"
          },
          "sensitive_attributes": [],
          "private": "bnVsbA=="
        }
      ]
    },
    {
      "mode": "managed",
      "type": "aws_iam_role_policy",
      "name": "test",
      "provider": "provider[\"registry.terraform.io/hashicorp/aws\"].prod",
      "instances": [
        {
          "schema_version": 0,
          "attributes": {
            "id": "EKS-Role1:EKS-Policy1",
            "name": "EKS-Policy1",
            "name_prefix": null,
            "policy": "{\"Statement\":[{\"Action\":[\"s3:PutObject\",\"s3:CreateBucket\",\"s3:ListBucket\",\"s3:ListAllMyBuckets\",\"s3:DeleteObject\",\"s3:DeleteBucket\"],\"Effect\":\"Allow\",\"Resource\":\"*\",\"Sid\":\"VisualEditor0\"}],\"Version\":\"2012-10-17\"}",
            "role": "EKS-Role1"
          },
          "sensitive_attributes": [],
          "private": "bnVsbA==",
          "dependencies": [
            "aws_iam_role.role"
          ]
        }
      ]
    },
    {
      "mode": "managed",
      "type": "aws_iam_user",
      "name": "user",
      "provider": "provider[\"registry.terraform.io/hashicorp/aws\"].test",
      "instances": [
        {
          "schema_version": 0,
          "attributes": {
            "arn": "arn:aws:iam::293955714039:user/EKS-User1",
            "force_destroy": false,
            "id": "EKS-User1",
            "name": "EKS-User1",
            "path": "/",
            "permissions_boundary": null,
            "tags": {},
            "tags_all": {},
            "unique_id": "AIDAUI4JAHP36UQCERZYZ"
          },
          "sensitive_attributes": [],
          "private": "bnVsbA=="
        }
      ]
    },
    {
      "mode": "managed",
      "type": "aws_iam_user_policy",
      "name": "test",
      "provider": "provider[\"registry.terraform.io/hashicorp/aws\"].test",
      "instances": [
        {
          "schema_version": 0,
          "attributes": {
            "id": "EKS-User1:EKS-Policy1",
            "name": "EKS-Policy1",
            "name_prefix": null,
            "policy": "{\"Statement\":[{\"Action\":\"sts:AssumeRole\",\"Effect\":\"Allow\",\"Resource\":\"arn:aws:iam::738087856818:role/EKS-Role1\",\"Sid\":\"VisualEditor0\"}],\"Version\":\"2012-10-17\"}",
            "user": "EKS-User1"
          },
          "sensitive_attributes": [],
          "private": "bnVsbA==",
          "dependencies": [
            "aws_iam_user.user"
          ]
        }
      ]
    },
    {
      "mode": "managed",
      "type": "aws_s3_bucket",
      "name": "prod",
      "provider": "provider[\"registry.terraform.io/hashicorp/aws\"].prod",
      "instances": [
        {
          "schema_version": 0,
          "attributes": {
            "acceleration_status": "",
            "acl": "private",
            "arn": "arn:aws:s3:::crross-account-bucket-user1890",
            "bucket": "crross-account-bucket-user1890",
            "bucket_domain_name": "crross-account-bucket-user1890.s3.amazonaws.com",
            "bucket_prefix": null,
            "bucket_regional_domain_name": "crross-account-bucket-user1890.s3.amazonaws.com",
            "cors_rule": [],
            "force_destroy": false,
            "grant": [],
            "hosted_zone_id": "Z3AQBSTGFYJSTF",
            "id": "crross-account-bucket-user1890",
            "lifecycle_rule": [],
            "logging": [],
            "object_lock_configuration": [],
            "policy": "",
            "region": "us-east-1",
            "replication_configuration": [],
            "request_payer": "BucketOwner",
            "server_side_encryption_configuration": [],
            "tags": null,
            "tags_all": {},
            "versioning": [
              {
                "enabled": false,
                "mfa_delete": false
              }
            ],
            "website": [],
            "website_domain": null,
            "website_endpoint": null
          },
          "sensitive_attributes": [],
          "private": "bnVsbA=="
        }
      ]
    },
    {
      "mode": "managed",
      "type": "aws_s3_bucket_object",
      "name": "prod",
      "provider": "provider[\"registry.terraform.io/hashicorp/aws\"].prod",
      "instances": [
        {
          "schema_version": 0,
          "attributes": {
            "acl": "private",
            "bucket": "crross-account-bucket-user1890",
            "bucket_key_enabled": false,
            "cache_control": "",
            "content": null,
            "content_base64": null,
            "content_disposition": "",
            "content_encoding": "",
            "content_language": "",
            "content_type": "binary/octet-stream",
            "etag": "373e00cbe3d63b87c7efd25310274689",
            "force_destroy": false,
            "id": "object-uploaded-via-prod-creds",
            "key": "object-uploaded-via-prod-creds",
            "kms_key_id": null,
            "metadata": null,
            "object_lock_legal_hold_status": "",
            "object_lock_mode": "",
            "object_lock_retain_until_date": "",
            "server_side_encryption": "",
            "source": "./prod.txt",
            "source_hash": null,
            "storage_class": "STANDARD",
            "tags": null,
            "tags_all": {},
            "version_id": "",
            "website_redirect": ""
          },
          "sensitive_attributes": [],
          "private": "bnVsbA==",
          "dependencies": [
            "aws_s3_bucket.prod"
          ]
        }
      ]
    }
  ]
}
